
Microsoft Visual Studio Solution File, Format Version 12.00
# Visual Studio Version 16
VisualStudioVersion = 16.0.30413.136
MinimumVisualStudioVersion = 10.0.40219.1
Project("{FAE04EC0-301F-11D3-BF4B-00C04F79EFBC}") = "PerjalananPenerbangan", "PerjalananPenerbangan.csproj", "{4A87A1F8-22A8-4627-86A8-5E20076285C0}"
EndProject
Global
	GlobalSection(SolutionConfigurationPlatforms) = preSolution
		Debug|Any CPU = Debug|Any CPU
		Release|Any CPU = Release|Any CPU
	EndGlobalSection
	GlobalSection(ProjectConfigurationPlatforms) = postSolution
		{4A87A1F8-22A8-4627-86A8-5E20076285C0}.Debug|Any CPU.ActiveCfg = Debug|Any CPU
		{4A87A1F8-22A8-4627-86A8-5E20076285C0}.Debug|Any CPU.Build.0 = Debug|Any CPU
		{4A87A1F8-22A8-4627-86A8-5E20076285C0}.Release|Any CPU.ActiveCfg = Release|Any CPU
		{4A87A1F8-22A8-4627-86A8-5E20076285C0}.Release|Any CPU.Build.0 = Release|Any CPU
	EndGlobalSection
	GlobalSection(SolutionProperties) = preSolution
		HideSolutionNode = FALSE
	EndGlobalSection
	GlobalSection(ExtensibilityGlobals) = postSolution
		SolutionGuid = {F652F015-8CB5-4B9F-B659-F3D885623736}
	EndGlobalSection
EndGlobal
